{
  "name": "oktay2d",
  "version": "1.0.0",
  "lockfileVersion": 2,
  "requires": true,
  "packages": {
    "": {
      "name": "oktay2d",
      "version": "1.0.0",
      "license": "MIT",
      "dependencies": {
        "sat": "^0.9.0"
      }
    },
    "node_modules/sat": {
      "version": "0.9.0",
      "resolved": "https://registry.npmjs.org/sat/-/sat-0.9.0.tgz",
      "integrity": "sha512-mxdv5RZJO4tdMnUURGU3gAMcnDUEwcNJwE+lPO0/V+rBeDvFLH3wEZEOR0fH7cTN0zQaNxBEbHnyQL9DzupwQQ=="
    }
  },
  "dependencies": {
    "sat": {
      "version": "0.9.0",
      "resolved": "https://registry.npmjs.org/sat/-/sat-0.9.0.tgz",
      "integrity": "sha512-mxdv5RZJO4tdMnUURGU3gAMcnDUEwcNJwE+lPO0/V+rBeDvFLH3wEZEOR0fH7cTN0zQaNxBEbHnyQL9DzupwQQ=="
    }
  }
}
